{
  "name": "zatp",
  "version": "1.0.0",
  "lockfileVersion": 1,
  "requires": true,
  "dependencies": {
    "@babel/runtime": {
      "version": "7.10.4",
      "resolved": "https://registry.npm.taobao.org/@babel/runtime/download/@babel/runtime-7.10.4.tgz?cache=0&sync_timestamp=1593521118360&other_urls=https%3A%2F%2Fregistry.npm.taobao.org%2F%40babel%2Fruntime%2Fdownload%2F%40babel%2Fruntime-7.10.4.tgz",
      "integrity": "sha1-pnJPGmuNL26lI22/5Yx9fqnF65k=",
      "requires": {
        "regenerator-runtime": "^0.13.4"
      }
    },
    "@zoomus/websdk": {
      "version": "1.7.10",
      "resolved": "https://registry.npm.taobao.org/@zoomus/websdk/download/@zoomus/websdk-1.7.10.tgz",
      "integrity": "sha1-7/v/Bv3TnxZRs1DfuAtQx0xOhM8=",
      "requires": {
        "jquery": "^3.4.1",
        "lodash": "^4.17.14",
        "react": "16.8.6",
        "react-dom": "16.8.6",
        "react-redux": "7.1.0",
        "redux": "3.7.2",
        "redux-thunk": "2.2.0"
      }
    },
    "hoist-non-react-statics": {
      "version": "3.3.2",
      "resolved": "https://registry.npm.taobao.org/hoist-non-react-statics/download/hoist-non-react-statics-3.3.2.tgz?cache=0&sync_timestamp=1579746018776&other_urls=https%3A%2F%2Fregistry.npm.taobao.org%2Fhoist-non-react-statics%2Fdownload%2Fhoist-non-react-statics-3.3.2.tgz",
      "integrity": "sha1-7OCsr3HWLClpwuxZ/v9CpLGoW0U=",
      "requires": {
        "react-is": "^16.7.0"
      }
    },
    "invariant": {
      "version": "2.2.4",
      "resolved": "https://registry.npm.taobao.org/invariant/download/invariant-2.2.4.tgz?cache=0&other_urls=https%3A%2F%2Fregistry.npm.taobao.org%2Finvariant%2Fdownload%2Finvariant-2.2.4.tgz",
      "integrity": "sha1-YQ88ksk1nOHbYW5TgAjSP/NRWOY=",
      "requires": {
        "loose-envify": "^1.0.0"
      }
    },
    "jquery": {
      "version": "3.5.1",
      "resolved": "https://registry.npm.taobao.org/jquery/download/jquery-3.5.1.tgz",
      "integrity": "sha1-17TQjhv9uGrS8aPQOeoXMEcXq7U="
    },
    "js-tokens": {
      "version": "4.0.0",
      "resolved": "https://registry.npm.taobao.org/js-tokens/download/js-tokens-4.0.0.tgz?cache=0&sync_timestamp=1586796305651&other_urls=https%3A%2F%2Fregistry.npm.taobao.org%2Fjs-tokens%2Fdownload%2Fjs-tokens-4.0.0.tgz",
      "integrity": "sha1-GSA/tZmR35jjoocFDUZHzerzJJk="
    },
    "lodash": {
      "version": "4.17.19",
      "resolved": "https://registry.npm.taobao.org/lodash/download/lodash-4.17.19.tgz?cache=0&sync_timestamp=1594229125892&other_urls=https%3A%2F%2Fregistry.npm.taobao.org%2Flodash%2Fdownload%2Flodash-4.17.19.tgz",
      "integrity": "sha1-5I3e2+MLMyF4PFtDAfvTU7weSks="
    },
    "lodash-es": {
      "version": "4.17.15",
      "resolved": "https://registry.npm.taobao.org/lodash-es/download/lodash-es-4.17.15.tgz?cache=0&sync_timestamp=1563504193605&other_urls=https%3A%2F%2Fregistry.npm.taobao.org%2Flodash-es%2Fdownload%2Flodash-es-4.17.15.tgz",
      "integrity": "sha1-Ib2Wg5NUQS8j16EDQOXqxu5FXXg="
    },
    "loose-envify": {
      "version": "1.4.0",
      "resolved": "https://registry.npm.taobao.org/loose-envify/download/loose-envify-1.4.0.tgz",
      "integrity": "sha1-ce5R+nvkyuwaY4OffmgtgTLTDK8=",
      "requires": {
        "js-tokens": "^3.0.0 || ^4.0.0"
      }
    },
    "object-assign": {
      "version": "4.1.1",
      "resolved": "https://registry.npm.taobao.org/object-assign/download/object-assign-4.1.1.tgz",
      "integrity": "sha1-IQmtx5ZYh8/AXLvUQsrIv7s2CGM="
    },
    "prop-types": {
      "version": "15.7.2",
      "resolved": "https://registry.npm.taobao.org/prop-types/download/prop-types-15.7.2.tgz",
      "integrity": "sha1-UsQedbjIfnK52TYOAga5ncv/psU=",
      "requires": {
        "loose-envify": "^1.4.0",
        "object-assign": "^4.1.1",
        "react-is": "^16.8.1"
      }
    },
    "react": {
      "version": "16.8.6",
      "resolved": "https://registry.npm.taobao.org/react/download/react-16.8.6.tgz",
      "integrity": "sha1-rWw6lhT9Ok6e9REX9U2IjaAfK74=",
      "requires": {
        "loose-envify": "^1.1.0",
        "object-assign": "^4.1.1",
        "prop-types": "^15.6.2",
        "scheduler": "^0.13.6"
      }
    },
    "react-dom": {
      "version": "16.8.6",
      "resolved": "https://registry.npm.taobao.org/react-dom/download/react-dom-16.8.6.tgz",
      "integrity": "sha1-cdYwP2MeiwCX9WFl72CPBR/24Q8=",
      "requires": {
        "loose-envify": "^1.1.0",
        "object-assign": "^4.1.1",
        "prop-types": "^15.6.2",
        "scheduler": "^0.13.6"
      }
    },
    "react-is": {
      "version": "16.13.1",
      "resolved": "https://registry.npm.taobao.org/react-is/download/react-is-16.13.1.tgz",
      "integrity": "sha1-eJcppNw23imZ3BVt1sHZwYzqVqQ="
    },
    "react-redux": {
      "version": "7.1.0",
      "resolved": "https://registry.npm.taobao.org/react-redux/download/react-redux-7.1.0.tgz",
      "integrity": "sha1-cq989JCnSs3FFuqcHdgOJa+eoLI=",
      "requires": {
        "@babel/runtime": "^7.4.5",
        "hoist-non-react-statics": "^3.3.0",
        "invariant": "^2.2.4",
        "loose-envify": "^1.4.0",
        "prop-types": "^15.7.2",
        "react-is": "^16.8.6"
      }
    },
    "redux": {
      "version": "3.7.2",
      "resolved": "https://registry.npm.taobao.org/redux/download/redux-3.7.2.tgz?cache=0&sync_timestamp=1577154206919&other_urls=https%3A%2F%2Fregistry.npm.taobao.org%2Fredux%2Fdownload%2Fredux-3.7.2.tgz",
      "integrity": "sha1-BrcxIyFZAdJdBlvjQusCa8HIU3s=",
      "requires": {
        "lodash": "^4.2.1",
        "lodash-es": "^4.2.1",
        "loose-envify": "^1.1.0",
        "symbol-observable": "^1.0.3"
      }
    },
    "redux-thunk": {
      "version": "2.2.0",
      "resolved": "https://registry.npm.taobao.org/redux-thunk/download/redux-thunk-2.2.0.tgz",
      "integrity": "sha1-5hWhbha0ehmlFXZhM9Hj6Zt4UuU="
    },
    "regenerator-runtime": {
      "version": "0.13.5",
      "resolved": "https://registry.npm.taobao.org/regenerator-runtime/download/regenerator-runtime-0.13.5.tgz",
      "integrity": "sha1-2Hih0JS0MG0QuQlkhLM+vVXiZpc="
    },
    "scheduler": {
      "version": "0.13.6",
      "resolved": "https://registry.npm.taobao.org/scheduler/download/scheduler-0.13.6.tgz?cache=0&sync_timestamp=1592588059105&other_urls=https%3A%2F%2Fregistry.npm.taobao.org%2Fscheduler%2Fdownload%2Fscheduler-0.13.6.tgz",
      "integrity": "sha1-RmpOwzJGezGpG5v3TlNHBy5M2Ik=",
      "requires": {
        "loose-envify": "^1.1.0",
        "object-assign": "^4.1.1"
      }
    },
    "symbol-observable": {
      "version": "1.2.0",
      "resolved": "https://registry.npm.taobao.org/symbol-observable/download/symbol-observable-1.2.0.tgz",
      "integrity": "sha1-wiaIrtTqs83C3+rLtWFmBWCgCAQ="
    }
  }
}
